
Microsoft Visual Studio Solution File, Format Version 12.00
# Visual Studio Version 17
VisualStudioVersion = 17.5.002.0
MinimumVisualStudioVersion = 10.0.40219.1
Project("{9A19103F-16F7-4668-BE54-9A1E7A4F7556}") = "LibraryAPI6", "LibraryAPI6.csproj", "{6850B05C-6983-4291-9538-CFD60AF81063}"
EndProject
Global
	GlobalSection(SolutionConfigurationPlatforms) = preSolution
		Debug|Any CPU = Debug|Any CPU
		Release|Any CPU = Release|Any CPU
	EndGlobalSection
	GlobalSection(ProjectConfigurationPlatforms) = postSolution
		{6850B05C-6983-4291-9538-CFD60AF81063}.Debug|Any CPU.ActiveCfg = Debug|Any CPU
		{6850B05C-6983-4291-9538-CFD60AF81063}.Debug|Any CPU.Build.0 = Debug|Any CPU
		{6850B05C-6983-4291-9538-CFD60AF81063}.Release|Any CPU.ActiveCfg = Release|Any CPU
		{6850B05C-6983-4291-9538-CFD60AF81063}.Release|Any CPU.Build.0 = Release|Any CPU
	EndGlobalSection
	GlobalSection(SolutionProperties) = preSolution
		HideSolutionNode = FALSE
	EndGlobalSection
	GlobalSection(ExtensibilityGlobals) = postSolution
		SolutionGuid = {17989E36-D06F-4FB8-B4AC-1DB0ED938A75}
	EndGlobalSection
EndGlobal
